Microsoft Visual Studio Solution File, Format Version 12.00
# Visual Studio Version 17
VisualStudioVersion = 17.5.2.0
MinimumVisualStudioVersion = 10.0.40219.1
Project("{2150E333-8FDC-42A3-9474-1A3956D46DE8}") = "services", "services", "{5854FF58-B8C5-05C6-5BF2-ACE42193F22B}"
EndProject
Project("{FAE04EC0-301F-11D3-BF4B-00C04F79EFBC}") = "data-producer", "services\data-producer\data-producer.csproj", "{D5289594-F2DC-0332-562E-37DFDD95D799}"
EndProject
Global
	GlobalSection(SolutionConfigurationPlatforms) = preSolution
		Debug|Any CPU = Debug|Any CPU
		Release|Any CPU = Release|Any CPU
	EndGlobalSection
	GlobalSection(ProjectConfigurationPlatforms) = postSolution
		{D5289594-F2DC-0332-562E-37DFDD95D799}.Debug|Any CPU.ActiveCfg = Debug|Any CPU
		{D5289594-F2DC-0332-562E-37DFDD95D799}.Debug|Any CPU.Build.0 = Debug|Any CPU
		{D5289594-F2DC-0332-562E-37DFDD95D799}.Release|Any CPU.ActiveCfg = Release|Any CPU
		{D5289594-F2DC-0332-562E-37DFDD95D799}.Release|Any CPU.Build.0 = Release|Any CPU
	EndGlobalSection
	GlobalSection(SolutionProperties) = preSolution
		HideSolutionNode = FALSE
	EndGlobalSection
	GlobalSection(NestedProjects) = preSolution
		{D5289594-F2DC-0332-562E-37DFDD95D799} = {5854FF58-B8C5-05C6-5BF2-ACE42193F22B}
	EndGlobalSection
	GlobalSection(ExtensibilityGlobals) = postSolution
		SolutionGuid = {E8427DDB-2D60-4CB4-B0DD-2FC005DC037F}
	EndGlobalSection
EndGlobal
